# This file is @generated by PDM.
# It is not intended for manual editing.

[metadata]
groups = ["default", "dev"]
strategy = []
lock_version = "4.5.0"
content_hash = "sha256:bbc66465a99e641d1d534d73c4758916ce70198e7cd3bcb9024f5f7c2fdcb6bd"

[[metadata.targets]]
requires_python = ">=3.10,<3.13"

[[package]]
name = "annotated-doc"
version = "0.0.4"
summary = ""
files = [
    {file = "annotated_doc-0.0.4-py3-none-any.whl", hash = "sha256:571ac1dc6991c450b25a9c2d84a3705e2ae7a53467b5d111c24fa8baabbed320"},
    {file = "annotated_doc-0.0.4.tar.gz", hash = "sha256:fbcda96e87e9c92ad167c2e53839e57503ecfda18804ea28102353485033faa4"},
]

[[package]]
name = "annotated-types"
version = "0.7.0"
summary = ""
files = [
    {file = "annotated_types-0.7.0-py3-none-any.whl", hash = "sha256:1f02e8b43a8fbbc3f3e0d4f0f4bfc8131bcb4eebe8849b8e5c773f3a1c582a53"},
    {file = "annotated_types-0.7.0.tar.gz", hash = "sha256:aff07c09a53a08bc8cfccb9c85b05f1aa9a2a6f23728d790723543408344ce89"},
]

[[package]]
name = "anyio"
version = "4.13.0"
summary = ""
dependencies = [
    "exceptiongroup; python_full_version < \"3.11\"",
    "idna",
    "typing-extensions",
]
files = [
    {file = "anyio-4.13.0-py3-none-any.whl", hash = "sha256:08b310f9e24a9594186fd75b4f73f4a4152069e3853f1ed8bfbf58369f4ad708"},
    {file = "anyio-4.13.0.tar.gz", hash = "sha256:334b70e641fd2221c1505b3890c69882fe4a2df910cba14d97019b90b24439dc"},
]

[[package]]
name = "click"
version = "8.4.1"
summary = ""
dependencies = [
    "colorama; sys_platform == \"win32\"",
]
files = [
    {file = "click-8.4.1-py3-none-any.whl", hash = "sha256:482be17c6991b8c19c5429a1e995d9b0efdbb63172824c41f99965dc0ade8ec2"},
    {file = "click-8.4.1.tar.gz", hash = "sha256:918b5633eddf6b41c32d4f454bf0de810065c74e3f7dbf8ee5452f8be88d3e96"},
]

[[package]]
name = "colorama"
version = "0.4.6"
summary = ""
files = [
    {file = "colorama-0.4.6-py2.py3-none-any.whl", hash = "sha256:4f1d9991f5acc0ca119f9d443620b77f9d6b33703e51011c16baf57afb285fc6"},
    {file = "colorama-0.4.6.tar.gz", hash = "sha256:08695f5cb7ed6e0531a20572697297273c47b8cae5a63ffc6d6ed5c201be6e44"},
]

[[package]]
name = "comtypes"
version = "1.4.16"
summary = ""
files = [
    {file = "comtypes-1.4.16-py3-none-any.whl", hash = "sha256:e18d85179ff12955524c5a8c3bc09cb3c0d890f1da4d7123d14244c7b78f84c8"},
    {file = "comtypes-1.4.16.tar.gz", hash = "sha256:cd66d1add01265cface4df51ba1e31cd1657e04463c281c802e737e79e1ba93c"},
]

[[package]]
name = "exceptiongroup"
version = "1.3.1"
summary = ""
dependencies = [
    "typing-extensions",
]
files = [
    {file = "exceptiongroup-1.3.1-py3-none-any.whl", hash = "sha256:a7a39a3bd276781e98394987d3a5701d0c4edffb633bb7a5144577f82c773598"},
    {file = "exceptiongroup-1.3.1.tar.gz", hash = "sha256:8b412432c6055b0b7d14c310000ae93352ed6754f70fa8f7c34141f91c4e3219"},
]

[[package]]
name = "fastapi"
version = "0.136.3"
summary = ""
dependencies = [
    "annotated-doc",
    "pydantic",
    "starlette",
    "typing-extensions",
    "typing-inspection",
]
files = [
    {file = "fastapi-0.136.3-py3-none-any.whl", hash = "sha256:3d2a69bdf04b7e9f3afa292c3bc7a98816bbfafa10bc9b45f3f3700d2f761620"},
    {file = "fastapi-0.136.3.tar.gz", hash = "sha256:e487fae93ad408e6f47641ee4dfe389864fd7bec92e547ea8498fc13f43e83ab"},
]

[[package]]
name = "h11"
version = "0.16.0"
summary = ""
files = [
    {file = "h11-0.16.0-py3-none-any.whl", hash = "sha256:63cf8bbe7522de3bf65932fda1d9c2772064ffb3dae62d55932da54b31cb6c86"},
    {file = "h11-0.16.0.tar.gz", hash = "sha256:4e35b956cf45792e4caa5885e69fba00bdbc6ffafbfa020300e549b208ee5ff1"},
]

[[package]]
name = "httptools"
version = "0.8.0"
summary = ""
files = [
    {file = "httptools-0.8.0-cp310-cp310-macosx_10_9_universal2.whl", hash = "sha256:bf3b6f807c8541503cecfbb8a8dffb385640d0d96102f3d112aa8740f9b7c826"},
    {file = "httptools-0.8.0-cp310-cp310-macosx_11_0_arm64.whl", hash = "sha256:da684f2e1aa2ee9bdcb083f3f3a68c5956750b375bc5df864d3a5f0c42a40b77"},
    {file = "httptools-0.8.0-cp310-cp310-manylinux1_x86_64.manylinux_2_28_x86_64.manylinux_2_5_x86_64.whl", hash = "sha256:a6f21e2a3b0067bbe7f67e34cfd16276af556e5e52f4c7503be0cb5f90e905e4"},
    {file = "httptools-0.8.0-cp310-cp310-manylinux2014_aarch64.manylinux_2_17_aarch64.manylinux_2_28_aarch64.whl", hash = "sha256:0ea897f0c729581ebf72131a438a7932d9b14efef72d75ada966700cac3caaeb"},
    {file = "httptools-0.8.0-cp310-cp310-musllinux_1_2_aarch64.whl", hash = "sha256:c0d726cc107fceb7d45f978483b4b70dd8caa836f5914d3434bb18628eb73813"},
    {file = "httptools-0.8.0-cp310-cp310-musllinux_1_2_x86_64.whl", hash = "sha256:9878eb2785ba5eb70631ad269b37976f73d647955e26c91d490eb8a4edfda4ba"},
    {file = "httptools-0.8.0-cp310-cp310-win_amd64.whl", hash = "sha256:b205e5f5523fa039679da0dfe5a10132b2a4abeae6a86fdd1ddc035f7f836557"},
    {file = "httptools-0.8.0-cp311-cp311-macosx_10_9_universal2.whl", hash = "sha256:ed377e64805bdba4943c82717333f8f8603a13b09aff9cead2717c6c817fb168"},
    {file = "httptools-0.8.0-cp311-cp311-macosx_11_0_arm64.whl", hash = "sha256:9518c406d7b310f05adb1a37f80acabac40504a575d7c0da6d3e365c695ac20d"},
    {file = "httptools-0.8.0-cp311-cp311-manylinux1_x86_64.manylinux_2_28_x86_64.manylinux_2_5_x86_64.whl", hash = "sha256:57278e6fa0424c42a8a3e454828ab4f0aff27b40cddf9679579b98c6dce6a376"},
    {file = "httptools-0.8.0-cp311-cp311-manylinux2014_aarch64.manylinux_2_17_aarch64.manylinux_2_28_aarch64.whl", hash = "sha256:bbb8caadb2b742d293169d2b458b5c001ef70e3158704aa3d3ef9597624c5d1d"},
    {file = "httptools-0.8.0-cp311-cp311-musllinux_1_2_aarch64.whl", hash = "sha256:52dd695b865fe96d9d2b16b64a895f3f57bf3cb064e8383cd3b5713a069e8085"},
    {file = "httptools-0.8.0-cp311-cp311-musllinux_1_2_x86_64.whl", hash = "sha256:20b4aac66ff65f7db06a375808b78f42a94970aa22e826b3cb2b43eb09174124"},
    {file = "httptools-0.8.0-cp311-cp311-win_amd64.whl", hash = "sha256:a1b4c8e7a489a0d750d91894e9a8cdc295838f1924c0ca903ae993456fddec07"},
    {file = "httptools-0.8.0-cp312-cp312-macosx_10_13_universal2.whl", hash = "sha256:880490234c10f70a9830743097e8958d6e4b9f5a0ffc24515023afeef984054d"},
    {file = "httptools-0.8.0-cp312-cp312-macosx_11_0_arm64.whl", hash = "sha256:5931891fb7b441b8a3853cf1b85c82c903defce084dd5f6771ca46e31bf862c5"},
    {file = "httptools-0.8.0-cp312-cp312-manylinux1_x86_64.manylinux_2_28_x86_64.manylinux_2_5_x86_64.whl", hash = "sha256:b15fc622b0f869d19207c4089a501d9bcc63ca5e071ffdd2f03f922df882dcb2"},
    {file = "httptools-0.8.0-cp312-cp312-manylinux2014_aarch64.manylinux_2_17_aarch64.manylinux_2_28_aarch64.whl", hash = "sha256:425f83884fd6343828d8c565f046cb72b6d19063f6924093e11bcd8e1548cd09"},
    {file = "httptools-0.8.0-cp312-cp312-musllinux_1_2_aarch64.whl", hash = "sha256:ef7c3c97f4311c7be57e2986629df89d49cb434dbff78eafcd48c2bff986b15a"},
    {file = "httptools-0.8.0-cp312-cp312-musllinux_1_2_x86_64.whl", hash = "sha256:a1afd7c9fbff0d9f5d489c4ce2768bd09c84a46ddefc7161e6aa82ae35c85745"},
    {file = "httptools-0.8.0-cp312-cp312-win_amd64.whl", hash = "sha256:cd96f29b4bab1d42fa6e3d008711c75e0f79e94e06827330160e3a304227f150"},
    {file = "httptools-0.8.0.tar.gz", hash = "sha256:6b2a32f18d97e16e90827d7a819ffa8dbd8cc245fc4e1fa9d1095b54ef4bd999"},
]

[[package]]
name = "idna"
version = "3.17"
summary = ""
files = [
    {file = "idna-3.17-py3-none-any.whl", hash = "sha256:466e48829084efe2548012b855df21540b96f2e20e51bd124c851536556a592c"},
    {file = "idna-3.17.tar.gz", hash = "sha256:5eb0cb53bc467c12eadcf6de83163ad8527cec9416f44b9b61b19caedad2b87f"},
]

[[package]]
name = "pydantic"
version = "2.13.4"
summary = ""
dependencies = [
    "annotated-types",
    "pydantic-core",
    "typing-extensions",
    "typing-inspection",
]
files = [
    {file = "pydantic-2.13.4-py3-none-any.whl", hash = "sha256:45a282cde31d808236fd7ea9d919b128653c8b38b393d1c4ab335c62924d9aba"},
    {file = "pydantic-2.13.4.tar.gz", hash = "sha256:c40756b57adaa8b1efeeced5c196f3f3b7c435f90e84ea7f443901bec8099ef6"},
]

[[package]]
name = "pydantic-core"
version = "2.46.4"
summary = ""
dependencies = [
    "typing-extensions",
]
files = [
    {file = "pydantic_core-2.46.4-cp310-cp310-macosx_10_12_x86_64.whl", hash = "sha256:a396dcc17e5a0b164dbe026896245a4fa9ff402edca1dff0be3d53a517f74de4"},
    {file = "pydantic_core-2.46.4-cp310-cp310-macosx_11_0_arm64.whl", hash = "sha256:da4b951fe36dc7c3a1ccb4e3cd1747c3542b8c9ceede8fc86cae054e764485f5"},
    {file = "pydantic_core-2.46.4-cp310-cp310-manylinux_2_17_aarch64.manylinux2014_aarch64.whl", hash = "sha256:bb63e0198ca18aad131c089b9204c23079c3afa95487e561f4c522d519e55aba"},
    {file = "pydantic_core-2.46.4-cp310-cp310-manylinux_2_17_armv7l.manylinux2014_armv7l.whl", hash = "sha256:f47286a97f0bc9b8859519809077b91b2cefe4ae47fcbf5e466a009c1c5d742b"},
    {file = "pydantic_core-2.46.4-cp310-cp310-manylinux_2_17_ppc64le.manylinux2014_ppc64le.whl", hash = "sha256:905a0ed8ea6f2d61c1738835f99b699348d7857379083e5fc497fa0c967a407c"},
    {file = "pydantic_core-2.46.4-cp310-cp310-manylinux_2_17_s390x.manylinux2014_s390x.whl", hash = "sha256:ea793e075b70290d89d8142074262885d3f7da19634845135751bd6344f73b50"},
    {file = "pydantic_core-2.46.4-cp310-cp310-manylinux_2_17_x86_64.manylinux2014_x86_64.whl", hash = "sha256:395aebd9183f9d112f569aeb5b2214d1a10a33bec8456447f7fbdfa51d38d4cd"},
    {file = "pydantic_core-2.46.4-cp310-cp310-manylinux_2_31_riscv64.whl", hash = "sha256:b078afbc25f3a1436c7a1d2cd3e322497ee99615ba97c563566fdf46aff1ee01"},
    {file = "pydantic_core-2.46.4-cp310-cp310-manylinux_2_5_i686.manylinux1_i686.whl", hash = "sha256:f747929cf940cddb5b3668a390056ddd5ba2e5010615ea2dcf4f9c4f3ab8791d"},
    {file = "pydantic_core-2.46.4-cp310-cp310-musllinux_1_1_aarch64.whl", hash = "sha256:daa27d92c36f24388fe3ad306b174781c747627f134452e4f128ea00ce1fe8c4"},
    {file = "pydantic_core-2.46.4-cp310-cp310-musllinux_1_1_armv7l.whl", hash = "sha256:19e51f073cd3df251856a8a4189fbdf1de4012c3ebacfb1884f94f1eb406079f"},
    {file = "pydantic_core-2.46.4-cp310-cp310-musllinux_1_1_x86_64.whl", hash = "sha256:c1747f85cee84c26985853c6f3d9bd3e75da5212912443fa111c113b9c246f39"},
    {file = "pydantic_core-2.46.4-cp310-cp310-win32.whl", hash = "sha256:2f84c03c8607173d16b5a854ec68a2f9079ae03237a54fb506d13af47e1d018d"},
    {file = "pydantic_core-2.46.4-cp310-cp310-win_amd64.whl", hash = "sha256:8358a950c8909158e3df31538a7e4edc2d7265a7c54b47f0864d9e5bae9dcebf"},
    {file = "pydantic_core-2.46.4-cp311-cp311-macosx_10_12_x86_64.whl", hash = "sha256:0e96592440881c74a213e5ad528e2b24d3d4f940de2766bed9010ab1d9e51594"},
    {file = "pydantic_core-2.46.4-cp311-cp311-macosx_11_0_arm64.whl", hash = "sha256:e0d65b8c354be7fb5f720c3caa8bc940bc2d20ce749c8e06135f07f8ed95dd7c"},
    {file = "pydantic_core-2.46.4-cp311-cp311-manylinux_2_17_aarch64.manylinux2014_aarch64.whl", hash = "sha256:7bfb192b3f4b9e8a89b6277b6ce787564f62cfd272055f6e685726b111dc7826"},
    {file = "pydantic_core-2.46.4-cp311-cp311-manylinux_2_17_armv7l.manylinux2014_armv7l.whl", hash = "sha256:9037063db01f09b09e237c282b6792bd4da634b5402c4e7f0c61effed7701a04"},
    {file = "pydantic_core-2.46.4-cp311-cp311-manylinux_2_17_ppc64le.manylinux2014_ppc64le.whl", hash = "sha256:fc010ab034c8c7452522748bf937df58020d256ccae0874463d1f4d01758af8e"},
    {file = "pydantic_core-2.46.4-cp311-cp311-manylinux_2_17_s390x.manylinux2014_s390x.whl", hash = "sha256:8c5dac79fa1614d1e06ca695109c6105923bd9c7d1d6c918d4e637b7e6b32fd3"},
    {file = "pydantic_core-2.46.4-cp311-cp311-manylinux_2_17_x86_64.manylinux2014_x86_64.whl", hash = "sha256:f9fa868638bf362d3d138ea55829cefb3d5f4b0d7f142234382a15e2485dbec4"},
    {file = "pydantic_core-2.46.4-cp311-cp311-manylinux_2_31_riscv64.whl", hash = "sha256:17299feefe090f2caa5b8e37222bb5f663e4935a8bfa6931d4102e5df1a9f398"},
    {file = "pydantic_core-2.46.4-cp311-cp311-manylinux_2_5_i686.manylinux1_i686.whl", hash = "sha256:4c63ebc82684aa89d9a3bcbd13d515b3be44250dc68dd3bd81526c1cb31286c3"},
    {file = "pydantic_core-2.46.4-cp311-cp311-musllinux_1_1_aarch64.whl", hash = "sha256:aaa2a54443eff1950ba5ddc6b6ccda0d9c84a364276a62f969bdf2a390650848"},
    {file = "pydantic_core-2.46.4-cp311-cp311-musllinux_1_1_armv7l.whl", hash = "sha256:18e5ceec2ab67e6d5f1a9085e5a24c9c4e2ac4545730bfe668680bca05e555f3"},
    {file = "pydantic_core-2.46.4-cp311-cp311-musllinux_1_1_x86_64.whl", hash = "sha256:a0f62d0a58f4e7da165457e995725421e0064f2255d8eccebc49f41bbc23b109"},
    {file = "pydantic_core-2.46.4-cp311-cp311-win32.whl", hash = "sha256:041bde0a48fd37cf71cab1c9d56d3e8625a3793fef1f7dd232b3ff37e978ecda"},
    {file = "pydantic_core-2.46.4-cp311-cp311-win_amd64.whl", hash = "sha256:6f2eeda33a839975441c86a4119e1383c50b47faf0cbb5176985565c6bb02c33"},
    {file = "pydantic_core-2.46.4-cp311-cp311-win_arm64.whl", hash = "sha256:14f4c5d6db102bd796a627bbb3a17b4cf4574b9ae861d8b7c9a9661c6dd3362d"},
    {file = "pydantic_core-2.46.4-cp312-cp312-macosx_10_12_x86_64.whl", hash = "sha256:3245406455a5d98187ec35530fd772b1d799b26667980872c8d4614991e2c4a2"},
    {file = "pydantic_core-2.46.4-cp312-cp312-macosx_11_0_arm64.whl", hash = "sha256:962ccbab7b642487b1d8b7df90ef677e03134cf1fd8880bf698649b22a69371f"},
    {file = "pydantic_core-2.46.4-cp312-cp312-manylinux_2_17_aarch64.manylinux2014_aarch64.whl", hash = "sha256:8233f2947cf85404441fd7e0085f53b10c93e0ee78611099b5c7237e36aacbf7"},
    {file = "pydantic_core-2.46.4-cp312-cp312-manylinux_2_17_armv7l.manylinux2014_armv7l.whl", hash = "sha256:3a233125ac121aa3ffba9a2b59edfc4a985a76092dc8279586ab4b71390875e7"},
    {file = "pydantic_core-2.46.4-cp312-cp312-manylinux_2_17_ppc64le.manylinux2014_ppc64le.whl", hash = "sha256:5b712b53160b79a5850310b912a5ef8e57e56947c8ad690c227f5c9d7e561712"},
    {file = "pydantic_core-2.46.4-cp312-cp312-manylinux_2_17_s390x.manylinux2014_s390x.whl", hash = "sha256:9401557acd873c3a7f3eb9383edef8ac4968f9510e340f4808d427e75667e7b4"},
    {file = "pydantic_core-2.46.4-cp312-cp312-manylinux_2_17_x86_64.manylinux2014_x86_64.whl", hash = "sha256:926c9541b14b12b1681dca8a0b75feb510b06c6341b70a8e500c2fdcff837cce"},
    {file = "pydantic_core-2.46.4-cp312-cp312-manylinux_2_31_riscv64.whl", hash = "sha256:56cb4851bcaf3d117eddcef4fe66afd750a50274b0da8e22be256d10e5611987"},
    {file = "pydantic_core-2.46.4-cp312-cp312-manylinux_2_5_i686.manylinux1_i686.whl", hash = "sha256:c68fcd102d71ea85c5b2dfac3f4f8476eff42a9e078fd5faefff6d145063536b"},
    {file = "pydantic_core-2.46.4-cp312-cp312-musllinux_1_1_aarch64.whl", hash = "sha256:b2f69dec1725e79a012d920df1707de5caf7ed5e08f3be4435e25803efc47458"},
    {file = "pydantic_core-2.46.4-cp312-cp312-musllinux_1_1_armv7l.whl", hash = "sha256:8d0820e8192167f80d88d64038e609c31452eeca865b4e1d9950a27a4609b00b"},
    {file = "pydantic_core-2.46.4-cp312-cp312-musllinux_1_1_x86_64.whl", hash = "sha256:fbdb89b3e1c94a30cc5edfce477c6e6a5dc4d8f84665b455c27582f211a1c72c"},
    {file = "pydantic_core-2.46.4-cp312-cp312-win32.whl", hash = "sha256:9aa768456404a8bf48a4406685ac2bec8e72b62c69313734fa3b73cf33b3a894"},
    {file = "pydantic_core-2.46.4-cp312-cp312-win_amd64.whl", hash = "sha256:e9c26f834c65f5752f3f06cb08cb86a913ceb7274d0db6e267808a708b46bc89"},
    {file = "pydantic_core-2.46.4-cp312-cp312-win_arm64.whl", hash = "sha256:4fc73cb559bdb54b1134a706a2802a4cddd27a0633f5abb7e53056268751ac6a"},
    {file = "pydantic_core-2.46.4-graalpy311-graalpy242_311_native-macosx_10_12_x86_64.whl", hash = "sha256:14d4edf427bdcf950a8a02d7cb44a08614388dd6e1bdcbf4f67504fa7887da9c"},
    {file = "pydantic_core-2.46.4-graalpy311-graalpy242_311_native-macosx_11_0_arm64.whl", hash = "sha256:0ce40cd7b21210e99342afafbd4d0f76d784eb5b1d60f3bdc566be4983c6c73b"},
    {file = "pydantic_core-2.46.4-graalpy311-graalpy242_311_native-manylinux_2_17_aarch64.manylinux2014_aarch64.whl", hash = "sha256:90884113d8b48f760e9587002789ddd741e76ab9f89518cd1e43b1f1a52ec44b"},
    {file = "pydantic_core-2.46.4-graalpy311-graalpy242_311_native-manylinux_2_17_x86_64.manylinux2014_x86_64.whl", hash = "sha256:66ce7632c22d837c95301830e111ad0128a32b8207533b60896a96c4915192ea"},
    {file = "pydantic_core-2.46.4-graalpy312-graalpy250_312_native-macosx_10_12_x86_64.whl", hash = "sha256:1d8ba486450b14f3b1d63bc521d410ec7565e52f887b9fb671791886436a42f7"},
    {file = "pydantic_core-2.46.4-graalpy312-graalpy250_312_native-macosx_11_0_arm64.whl", hash = "sha256:3009f12e4e90b7f88b4f9adb1b0c4a3d58fe7820f3238c190047209d148026df"},
    {file = "pydantic_core-2.46.4-graalpy312-graalpy250_312_native-manylinux_2_17_aarch64.manylinux2014_aarch64.whl", hash = "sha256:ad785e92e6dc634c21555edc8bd6b64957ab844541bcb96a1366c202951ae526"},
    {file = "pydantic_core-2.46.4-graalpy312-graalpy250_312_native-manylinux_2_17_x86_64.manylinux2014_x86_64.whl", hash = "sha256:00c603d540afdd6b80eb39f078f33ebd46211f02f33e34a32d9f053bba711de0"},
    {file = "pydantic_core-2.46.4-pp311-pypy311_pp73-macosx_10_12_x86_64.whl", hash = "sha256:0c563b08bca408dc7f65f700633d8442fffb2421fc47b8101377e9fd65051ff0"},
    {file = "pydantic_core-2.46.4-pp311-pypy311_pp73-macosx_11_0_arm64.whl", hash = "sha256:db06ffe51636ffe9ca531fe9023dd64bdd794be8754cb5df57c5498ae5b518a7"},
    {file = "pydantic_core-2.46.4-pp311-pypy311_pp73-manylinux_2_17_x86_64.manylinux2014_x86_64.whl", hash = "sha256:133878133d271ade3d41d1bfb2a45ec38dbdbda40bc065921c6b04e4630127e2"},
    {file = "pydantic_core-2.46.4-pp311-pypy311_pp73-manylinux_2_5_i686.manylinux1_i686.whl", hash = "sha256:9bc519fbf2b7578398853d815009ae5e4d4603d12f4e3f91da8c06852d3da3e9"},
    {file = "pydantic_core-2.46.4-pp311-pypy311_pp73-musllinux_1_1_aarch64.whl", hash = "sha256:c7a7bd4e39e8e4c12c39cd480356842b6a8a06e41b23a55a5e3e191718838ddf"},
    {file = "pydantic_core-2.46.4-pp311-pypy311_pp73-musllinux_1_1_armv7l.whl", hash = "sha256:d396ec2b979760aaf3218e76c24e65bd0aca24983298653b3a9d7a45f9e47b30"},
    {file = "pydantic_core-2.46.4-pp311-pypy311_pp73-musllinux_1_1_x86_64.whl", hash = "sha256:86e1a4418c6cd97d60c95c71164158eaf7324fae7b0923264016baa993eba6fc"},
    {file = "pydantic_core-2.46.4-pp311-pypy311_pp73-win_amd64.whl", hash = "sha256:d51026d73fcfd93610abc7b27789c26b313920fcfb20e27462d74a7f8b06e983"},
    {file = "pydantic_core-2.46.4.tar.gz", hash = "sha256:62f875393d7f270851f20523dd2e29f082bcc82292d66db2b64ea71f64b6e1c1"},
]

[[package]]
name = "python-dotenv"
version = "1.2.2"
summary = ""
files = [
    {file = "python_dotenv-1.2.2-py3-none-any.whl", hash = "sha256:1d8214789a24de455a8b8bd8ae6fe3c6b69a5e3d64aa8a8e5d68e694bbcb285a"},
    {file = "python_dotenv-1.2.2.tar.gz", hash = "sha256:2c371a91fbd7ba082c2c1dc1f8bf89ca22564a087c2c287cd9b662adde799cf3"},
]

[[package]]
name = "pywin32"
version = "311"
summary = ""
files = [
    {file = "pywin32-311-cp310-cp310-win32.whl", hash = "sha256:d03ff496d2a0cd4a5893504789d4a15399133fe82517455e78bad62efbb7f0a3"},
    {file = "pywin32-311-cp310-cp310-win_amd64.whl", hash = "sha256:797c2772017851984b97180b0bebe4b620bb86328e8a884bb626156295a63b3b"},
    {file = "pywin32-311-cp310-cp310-win_arm64.whl", hash = "sha256:0502d1facf1fed4839a9a51ccbcc63d952cf318f78ffc00a7e78528ac27d7a2b"},
    {file = "pywin32-311-cp311-cp311-win32.whl", hash = "sha256:184eb5e436dea364dcd3d2316d577d625c0351bf237c4e9a5fabbcfa5a58b151"},
    {file = "pywin32-311-cp311-cp311-win_amd64.whl", hash = "sha256:3ce80b34b22b17ccbd937a6e78e7225d80c52f5ab9940fe0506a1a16f3dab503"},
    {file = "pywin32-311-cp311-cp311-win_arm64.whl", hash = "sha256:a733f1388e1a842abb67ffa8e7aad0e70ac519e09b0f6a784e65a136ec7cefd2"},
    {file = "pywin32-311-cp312-cp312-win32.whl", hash = "sha256:750ec6e621af2b948540032557b10a2d43b0cee2ae9758c54154d711cc852d31"},
    {file = "pywin32-311-cp312-cp312-win_amd64.whl", hash = "sha256:b8c095edad5c211ff31c05223658e71bf7116daa0ecf3ad85f3201ea3190d067"},
    {file = "pywin32-311-cp312-cp312-win_arm64.whl", hash = "sha256:e286f46a9a39c4a18b319c28f59b61de793654af2f395c102b4f819e584b5852"},
]

[[package]]
name = "pyyaml"
version = "6.0.3"
summary = ""
files = [
    {file = "pyyaml-6.0.3-cp310-cp310-macosx_10_13_x86_64.whl", hash = "sha256:214ed4befebe12df36bcc8bc2b64b396ca31be9304b8f59e25c11cf94a4c033b"},
    {file = "pyyaml-6.0.3-cp310-cp310-macosx_11_0_arm64.whl", hash = "sha256:02ea2dfa234451bbb8772601d7b8e426c2bfa197136796224e50e35a78777956"},
    {file = "pyyaml-6.0.3-cp310-cp310-manylinux2014_aarch64.manylinux_2_17_aarch64.manylinux_2_28_aarch64.whl", hash = "sha256:b30236e45cf30d2b8e7b3e85881719e98507abed1011bf463a8fa23e9c3e98a8"},
    {file = "pyyaml-6.0.3-cp310-cp310-manylinux2014_s390x.manylinux_2_17_s390x.manylinux_2_28_s390x.whl", hash = "sha256:66291b10affd76d76f54fad28e22e51719ef9ba22b29e1d7d03d6777a9174198"},
    {file = "pyyaml-6.0.3-cp310-cp310-manylinux2014_x86_64.manylinux_2_17_x86_64.manylinux_2_28_x86_64.whl", hash = "sha256:9c7708761fccb9397fe64bbc0395abcae8c4bf7b0eac081e12b809bf47700d0b"},
    {file = "pyyaml-6.0.3-cp310-cp310-musllinux_1_2_aarch64.whl", hash = "sha256:418cf3f2111bc80e0933b2cd8cd04f286338bb88bdc7bc8e6dd775ebde60b5e0"},
    {file = "pyyaml-6.0.3-cp310-cp310-musllinux_1_2_x86_64.whl", hash = "sha256:5e0b74767e5f8c593e8c9b5912019159ed0533c70051e9cce3e8b6aa699fcd69"},
    {file = "pyyaml-6.0.3-cp310-cp310-win32.whl", hash = "sha256:28c8d926f98f432f88adc23edf2e6d4921ac26fb084b028c733d01868d19007e"},
    {file = "pyyaml-6.0.3-cp310-cp310-win_amd64.whl", hash = "sha256:bdb2c67c6c1390b63c6ff89f210c8fd09d9a1217a465701eac7316313c915e4c"},
    {file = "pyyaml-6.0.3-cp311-cp311-macosx_10_13_x86_64.whl", hash = "sha256:44edc647873928551a01e7a563d7452ccdebee747728c1080d881d68af7b997e"},
    {file = "pyyaml-6.0.3-cp311-cp311-macosx_11_0_arm64.whl", hash = "sha256:652cb6edd41e718550aad172851962662ff2681490a8a711af6a4d288dd96824"},
    {file = "pyyaml-6.0.3-cp311-cp311-manylinux2014_aarch64.manylinux_2_17_aarch64.manylinux_2_28_aarch64.whl", hash = "sha256:10892704fc220243f5305762e276552a0395f7beb4dbf9b14ec8fd43b57f126c"},
    {file = "pyyaml-6.0.3-cp311-cp311-manylinux2014_s390x.manylinux_2_17_s390x.manylinux_2_28_s390x.whl", hash = "sha256:850774a7879607d3a6f50d36d04f00ee69e7fc816450e5f7e58d7f17f1ae5c00"},
    {file = "pyyaml-6.0.3-cp311-cp311-manylinux2014_x86_64.manylinux_2_17_x86_64.manylinux_2_28_x86_64.whl", hash = "sha256:b8bb0864c5a28024fac8a632c443c87c5aa6f215c0b126c449ae1a150412f31d"},
    {file = "pyyaml-6.0.3-cp311-cp311-musllinux_1_2_aarch64.whl", hash = "sha256:1d37d57ad971609cf3c53ba6a7e365e40660e3be0e5175fa9f2365a379d6095a"},
    {file = "pyyaml-6.0.3-cp311-cp311-musllinux_1_2_x86_64.whl", hash = "sha256:37503bfbfc9d2c40b344d06b2199cf0e96e97957ab1c1b546fd4f87e53e5d3e4"},
    {file = "pyyaml-6.0.3-cp311-cp311-win32.whl", hash = "sha256:8098f252adfa6c80ab48096053f512f2321f0b998f98150cea9bd23d83e1467b"},
    {file = "pyyaml-6.0.3-cp311-cp311-win_amd64.whl", hash = "sha256:9f3bfb4965eb874431221a3ff3fdcddc7e74e3b07799e0e84ca4a0f867d449bf"},
    {file = "pyyaml-6.0.3-cp312-cp312-macosx_10_13_x86_64.whl", hash = "sha256:7f047e29dcae44602496db43be01ad42fc6f1cc0d8cd6c83d342306c32270196"},
    {file = "pyyaml-6.0.3-cp312-cp312-macosx_11_0_arm64.whl", hash = "sha256:fc09d0aa354569bc501d4e787133afc08552722d3ab34836a80547331bb5d4a0"},
    {file = "pyyaml-6.0.3-cp312-cp312-manylinux2014_aarch64.manylinux_2_17_aarch64.manylinux_2_28_aarch64.whl", hash = "sha256:9149cad251584d5fb4981be1ecde53a1ca46c891a79788c0df828d2f166bda28"},
    {file = "pyyaml-6.0.3-cp312-cp312-manylinux2014_s390x.manylinux_2_17_s390x.manylinux_2_28_s390x.whl", hash = "sha256:5fdec68f91a0c6739b380c83b951e2c72ac0197ace422360e6d5a959d8d97b2c"},
    {file = "pyyaml-6.0.3-cp312-cp312-manylinux2014_x86_64.manylinux_2_17_x86_64.manylinux_2_28_x86_64.whl", hash = "sha256:ba1cc08a7ccde2d2ec775841541641e4548226580ab850948cbfda66a1befcdc"},
    {file = "pyyaml-6.0.3-cp312-cp312-musllinux_1_2_aarch64.whl", hash = "sha256:8dc52c23056b9ddd46818a57b78404882310fb473d63f17b07d5c40421e47f8e"},
    {file = "pyyaml-6.0.3-cp312-cp312-musllinux_1_2_x86_64.whl", hash = "sha256:41715c910c881bc081f1e8872880d3c650acf13dfa8214bad49ed4cede7c34ea"},
    {file = "pyyaml-6.0.3-cp312-cp312-win32.whl", hash = "sha256:96b533f0e99f6579b3d4d4995707cf36df9100d67e0c8303a0c55b27b5f99bc5"},
    {file = "pyyaml-6.0.3-cp312-cp312-win_amd64.whl", hash = "sha256:5fcd34e47f6e0b794d17de1b4ff496c00986e1c83f7ab2fb8fcfe9616ff7477b"},
    {file = "pyyaml-6.0.3-cp312-cp312-win_arm64.whl", hash = "sha256:64386e5e707d03a7e172c0701abfb7e10f0fb753ee1d773128192742712a98fd"},
    {file = "pyyaml-6.0.3.tar.gz", hash = "sha256:d76623373421df22fb4cf8817020cbb7ef15c725b9d5e45f17e189bfc384190f"},
]

[[package]]
name = "ruff"
version = "0.15.15"
summary = ""
files = [
    {file = "ruff-0.15.15-py3-none-linux_armv6l.whl", hash = "sha256:cf93e5388f412e1b108b1f8b34a6e036b70fe8aff89393befad96fe48670311b"},
    {file = "ruff-0.15.15-py3-none-macosx_10_12_x86_64.whl", hash = "sha256:ac5a646d1f6a7dadd5d50842dae2c1f9862ac887ef5d1b1375e02def791fde6e"},
    {file = "ruff-0.15.15-py3-none-macosx_11_0_arm64.whl", hash = "sha256:77d955a431430c66f72dd94e379ad38a16daea3d25094872ac4edf9e797be530"},
    {file = "ruff-0.15.15-py3-none-manylinux_2_17_aarch64.manylinux2014_aarch64.whl", hash = "sha256:7614ee79c69788cf6cedd568069ade9cecc22a1ad20494efe8d0c9ebb4b622d4"},
    {file = "ruff-0.15.15-py3-none-manylinux_2_17_armv7l.manylinux2014_armv7l.whl", hash = "sha256:3cdb1679e06a1f6b47bc384714ae96f6e2fb65ca441eb78c43d2ca554176ce1f"},
    {file = "ruff-0.15.15-py3-none-manylinux_2_17_i686.manylinux2014_i686.whl", hash = "sha256:2728b93d7b23a603ea2c0ac6eb73d760bd38ec9de35f35fb41e18f7a3fee7622"},
    {file = "ruff-0.15.15-py3-none-manylinux_2_17_ppc64le.manylinux2014_ppc64le.whl", hash = "sha256:be582fcc0db438902c7792b08d6ddf6c9b9e21addaa10092c2c741cfb09e5a45"},
    {file = "ruff-0.15.15-py3-none-manylinux_2_17_s390x.manylinux2014_s390x.whl", hash = "sha256:7aa77465b8ecaf1a27bea098d696f7fed5e1eccbd10b321b682d6de586ae5627"},
    {file = "ruff-0.15.15-py3-none-manylinux_2_17_x86_64.manylinux2014_x86_64.whl", hash = "sha256:48decfa11d740de4889de623be1463308346312f2409a56e24aa280c86162dc4"},
    {file = "ruff-0.15.15-py3-none-manylinux_2_31_riscv64.whl", hash = "sha256:a5015088452ca0081387063649ec67f06d3d1d6b8b936a1f836b5e9657ecd48c"},
    {file = "ruff-0.15.15-py3-none-musllinux_1_2_aarch64.whl", hash = "sha256:f5294aab6356c81600fcdea3a62bb1b924dfd5e91767c12318d3f68f86af57cd"},
    {file = "ruff-0.15.15-py3-none-musllinux_1_2_armv7l.whl", hash = "sha256:db5bd4d802415cca656dc1616070b725952d6ae95eb5d4831e49fbd94a38f75f"},
    {file = "ruff-0.15.15-py3-none-musllinux_1_2_i686.whl", hash = "sha256:587a6278ed42059191c1a466e490bd7930fb50bd2e255398bc29616c895a61cb"},
    {file = "ruff-0.15.15-py3-none-musllinux_1_2_x86_64.whl", hash = "sha256:df0c1c084f5f4be9812f61518a45c440d3c30d69ce4bf6c5270e66d38338f02a"},
    {file = "ruff-0.15.15-py3-none-win32.whl", hash = "sha256:29428ea79694afbe756d45fd59b36f22b6b020dc0443cf7de0173046236964b9"},
    {file = "ruff-0.15.15-py3-none-win_amd64.whl", hash = "sha256:8df0323902e15e24bc4bf246da830573d3cf3352bd0b9a164eab335d111ff4a4"},
    {file = "ruff-0.15.15-py3-none-win_arm64.whl", hash = "sha256:3c8ceca6792f38196b8f589bc92eccd03eef286602da92e5dc05cc42ef6441b7"},
    {file = "ruff-0.15.15.tar.gz", hash = "sha256:b8dff018130b46d8e5bf0f926ef6b60cf871d6d5ae45fc9334e09632daa741d6"},
]

[[package]]
name = "starlette"
version = "1.2.0"
summary = ""
dependencies = [
    "anyio",
    "typing-extensions",
]
files = [
    {file = "starlette-1.2.0-py3-none-any.whl", hash = "sha256:36e0c76ac59157e75dc4b3bdeafba97fb04eaf1878045f15dbef666a6f092ed7"},
    {file = "starlette-1.2.0.tar.gz", hash = "sha256:3c5a6b23fff42492914e93890bb80cbfea72dbf37de268eec06185d62a4ca553"},
]

[[package]]
name = "typing-extensions"
version = "4.15.0"
summary = ""
files = [
    {file = "typing_extensions-4.15.0-py3-none-any.whl", hash = "sha256:f0fa19c6845758ab08074a0cfa8b7aecb71c999ca73d62883bc25cc018c4e548"},
    {file = "typing_extensions-4.15.0.tar.gz", hash = "sha256:0cea48d173cc12fa28ecabc3b837ea3cf6f38c6d1136f85cbaaf598984861466"},
]

[[package]]
name = "typing-inspection"
version = "0.4.2"
summary = ""
dependencies = [
    "typing-extensions",
]
files = [
    {file = "typing_inspection-0.4.2-py3-none-any.whl", hash = "sha256:4ed1cacbdc298c220f1bd249ed5287caa16f34d44ef4e9c3d0cbad5b521545e7"},
    {file = "typing_inspection-0.4.2.tar.gz", hash = "sha256:ba561c48a67c5958007083d386c3295464928b01faa735ab8547c5692e87f464"},
]

[[package]]
name = "uvicorn"
version = "0.48.0"
summary = ""
dependencies = [
    "click",
    "h11",
    "typing-extensions; python_full_version < \"3.11\"",
]
files = [
    {file = "uvicorn-0.48.0-py3-none-any.whl", hash = "sha256:48097851328b87ec36117d3d575234519eb58c2b22d79666e9bbc6c49a761dad"},
    {file = "uvicorn-0.48.0.tar.gz", hash = "sha256:a5504207195d08c2511bf9125ede5ac4a4b71725d519e758d01dcf0bc2d31c37"},
]

[[package]]
name = "uvicorn"
version = "0.48.0"
extras = ["standard"]
summary = ""
dependencies = [
    "colorama; sys_platform == \"win32\"",
    "httptools",
    "python-dotenv",
    "pyyaml",
    "uvicorn==0.48.0",
    "uvloop; platform_python_implementation != \"PyPy\" and (sys_platform != \"cygwin\" and sys_platform != \"win32\")",
    "watchfiles",
    "websockets",
]
files = [
    {file = "uvicorn-0.48.0-py3-none-any.whl", hash = "sha256:48097851328b87ec36117d3d575234519eb58c2b22d79666e9bbc6c49a761dad"},
    {file = "uvicorn-0.48.0.tar.gz", hash = "sha256:a5504207195d08c2511bf9125ede5ac4a4b71725d519e758d01dcf0bc2d31c37"},
]

[[package]]
name = "uvloop"
version = "0.22.1"
summary = ""
files = [
    {file = "uvloop-0.22.1-cp310-cp310-macosx_10_9_universal2.whl", hash = "sha256:ef6f0d4cc8a9fa1f6a910230cd53545d9a14479311e87e3cb225495952eb672c"},
    {file = "uvloop-0.22.1-cp310-cp310-macosx_10_9_x86_64.whl", hash = "sha256:7cd375a12b71d33d46af85a3343b35d98e8116134ba404bd657b3b1d15988792"},
    {file = "uvloop-0.22.1-cp310-cp310-manylinux2014_aarch64.manylinux_2_17_aarch64.manylinux_2_28_aarch64.whl", hash = "sha256:ac33ed96229b7790eb729702751c0e93ac5bc3bcf52ae9eccbff30da09194b86"},
    {file = "uvloop-0.22.1-cp310-cp310-manylinux2014_x86_64.manylinux_2_17_x86_64.manylinux_2_28_x86_64.whl", hash = "sha256:481c990a7abe2c6f4fc3d98781cc9426ebd7f03a9aaa7eb03d3bfc68ac2a46bd"},
    {file = "uvloop-0.22.1-cp310-cp310-musllinux_1_2_aarch64.whl", hash = "sha256:a592b043a47ad17911add5fbd087c76716d7c9ccc1d64ec9249ceafd735f03c2"},
    {file = "uvloop-0.22.1-cp310-cp310-musllinux_1_2_x86_64.whl", hash = "sha256:1489cf791aa7b6e8c8be1c5a080bae3a672791fcb4e9e12249b05862a2ca9cec"},
    {file = "uvloop-0.22.1-cp311-cp311-macosx_10_9_universal2.whl", hash = "sha256:c60ebcd36f7b240b30788554b6f0782454826a0ed765d8430652621b5de674b9"},
    {file = "uvloop-0.22.1-cp311-cp311-macosx_10_9_x86_64.whl", hash = "sha256:3b7f102bf3cb1995cfeaee9321105e8f5da76fdb104cdad8986f85461a1b7b77"},
    {file = "uvloop-0.22.1-cp311-cp311-manylinux2014_aarch64.manylinux_2_17_aarch64.manylinux_2_28_aarch64.whl", hash = "sha256:53c85520781d84a4b8b230e24a5af5b0778efdb39142b424990ff1ef7c48ba21"},
    {file = "uvloop-0.22.1-cp311-cp311-manylinux2014_x86_64.manylinux_2_17_x86_64.manylinux_2_28_x86_64.whl", hash = "sha256:56a2d1fae65fd82197cb8c53c367310b3eabe1bbb9fb5a04d28e3e3520e4f702"},
    {file = "uvloop-0.22.1-cp311-cp311-musllinux_1_2_aarch64.whl", hash = "sha256:40631b049d5972c6755b06d0bfe8233b1bd9a8a6392d9d1c45c10b6f9e9b2733"},
    {file = "uvloop-0.22.1-cp311-cp311-musllinux_1_2_x86_64.whl", hash = "sha256:535cc37b3a04f6cd2c1ef65fa1d370c9a35b6695df735fcff5427323f2cd5473"},
    {file = "uvloop-0.22.1-cp312-cp312-macosx_10_13_universal2.whl", hash = "sha256:fe94b4564e865d968414598eea1a6de60adba0c040ba4ed05ac1300de402cd42"},
    {file = "uvloop-0.22.1-cp312-cp312-macosx_10_13_x86_64.whl", hash = "sha256:51eb9bd88391483410daad430813d982010f9c9c89512321f5b60e2cddbdddd6"},
    {file = "uvloop-0.22.1-cp312-cp312-manylinux2014_aarch64.manylinux_2_17_aarch64.manylinux_2_28_aarch64.whl", hash = "sha256:700e674a166ca5778255e0e1dc4e9d79ab2acc57b9171b79e65feba7184b3370"},
    {file = "uvloop-0.22.1-cp312-cp312-manylinux2014_x86_64.manylinux_2_17_x86_64.manylinux_2_28_x86_64.whl", hash = "sha256:7b5b1ac819a3f946d3b2ee07f09149578ae76066d70b44df3fa990add49a82e4"},
    {file = "uvloop-0.22.1-cp312-cp312-musllinux_1_2_aarch64.whl", hash = "sha256:e047cc068570bac9866237739607d1313b9253c3051ad84738cbb095be0537b2"},
    {file = "uvloop-0.22.1-cp312-cp312-musllinux_1_2_x86_64.whl", hash = "sha256:512fec6815e2dd45161054592441ef76c830eddaad55c8aa30952e6fe1ed07c0"},
    {file = "uvloop-0.22.1.tar.gz", hash = "sha256:6c84bae345b9147082b17371e3dd5d42775bddce91f885499017f4607fdaf39f"},
]

[[package]]
name = "watchfiles"
version = "1.2.0"
summary = ""
dependencies = [
    "anyio",
]
files = [
    {file = "watchfiles-1.2.0-cp310-cp310-macosx_10_12_x86_64.whl", hash = "sha256:bb68bf4df85abebe5efddc53cf2075520f243a59868d9b3973278b23e76962a9"},
    {file = "watchfiles-1.2.0-cp310-cp310-macosx_11_0_arm64.whl", hash = "sha256:c16cb06dd17d43b9d185094268459eac92c9538356f050e55b54e82cf700e1d4"},
    {file = "watchfiles-1.2.0-cp310-cp310-manylinux_2_17_aarch64.manylinux2014_aarch64.whl", hash = "sha256:77a0feab9af4c021c581f695258c642b3d10c5fd4c676e33a0d8606425d82631"},
    {file = "watchfiles-1.2.0-cp310-cp310-manylinux_2_17_armv7l.manylinux2014_armv7l.whl", hash = "sha256:a16ffe19bf5cf9f5edaa1ad1dd830c5a816e8feec430c522302ab55483a4b994"},
    {file = "watchfiles-1.2.0-cp310-cp310-manylinux_2_17_i686.manylinux2014_i686.whl", hash = "sha256:204f299afcbd65918ab78dbc52626b0ae45e9d8cef403fdbf33ecf9e40eac66e"},
    {file = "watchfiles-1.2.0-cp310-cp310-manylinux_2_17_ppc64le.manylinux2014_ppc64le.whl", hash = "sha256:11743adfa510bfffebe97659fb280182b5c9b238708f667e866f308c3430dc19"},
    {file = "watchfiles-1.2.0-cp310-cp310-manylinux_2_17_s390x.manylinux2014_s390x.whl", hash = "sha256:eb72919d93e3a16fc451d3aa3d4b1698423daca1b382d3d959c9ac51297c12a8"},
    {file = "watchfiles-1.2.0-cp310-cp310-manylinux_2_17_x86_64.manylinux2014_x86_64.whl", hash = "sha256:b62f042afde2dde21ec1d2c1a74361e804673df86f51e418a999c9acfe671b07"},
    {file = "watchfiles-1.2.0-cp310-cp310-manylinux_2_31_riscv64.whl", hash = "sha256:027ae72bfdfd254862065d8b3e2a815c6ab9b1853ce41e6648ece84afd34a551"},
    {file = "watchfiles-1.2.0-cp310-cp310-musllinux_1_1_aarch64.whl", hash = "sha256:e1cfd51e97e13ff3bd047c140764d277fc9b95b7cb5da59e46a47d167adab310"},
    {file = "watchfiles-1.2.0-cp310-cp310-musllinux_1_1_x86_64.whl", hash = "sha256:24b2405c0a46738dd9e1cf7135aa5dbdb9d42d024628651b3b13d5117e99f8df"},
    {file = "watchfiles-1.2.0-cp310-cp310-win32.whl", hash = "sha256:8c520725602756229f045b032a1ff33d7ef0f7404189d62f6c2438cb6d8ef6a1"},
    {file = "watchfiles-1.2.0-cp310-cp310-win_amd64.whl", hash = "sha256:03b14855c6f35539e2d95c442ae9530a75762f1e26567152b9ed05f96534a74d"},
    {file = "watchfiles-1.2.0-cp311-cp311-macosx_10_12_x86_64.whl", hash = "sha256:704fd259e332e01f9b9c178f4bce9e49027e5587cc2600eeeaf8e76e1c846201"},
    {file = "watchfiles-1.2.0-cp311-cp311-macosx_11_0_arm64.whl", hash = "sha256:6543cf55d170003296d185c0af981f3e1311564907e1f4e08671fc7693a890a5"},
    {file = "watchfiles-1.2.0-cp311-cp311-manylinux_2_17_aarch64.manylinux2014_aarch64.whl", hash = "sha256:89d8c2394a065ca86f5d2910ff263ae67c127e1376ccc4f9fc35c71db879f80a"},
    {file = "watchfiles-1.2.0-cp311-cp311-manylinux_2_17_armv7l.manylinux2014_armv7l.whl", hash = "sha256:772b80df316480d894a0e3165fdd19cf77f5d17f9a787f94029465ad0e3529d1"},
    {file = "watchfiles-1.2.0-cp311-cp311-manylinux_2_17_i686.manylinux2014_i686.whl", hash = "sha256:d158cd89df6053823533e06fb1d73c549133bff5f0396170c0e53d9559340717"},
    {file = "watchfiles-1.2.0-cp311-cp311-manylinux_2_17_ppc64le.manylinux2014_ppc64le.whl", hash = "sha256:d516b3283a758e087841aedb8031549fb41ced08f3db10aa6d2bf32dc042525b"},
    {file = "watchfiles-1.2.0-cp311-cp311-manylinux_2_17_s390x.manylinux2014_s390x.whl", hash = "sha256:53b2290c92e0506d102cd448fbc610d87079553f86caa39d67440856a8b8bba5"},
    {file = "watchfiles-1.2.0-cp311-cp311-manylinux_2_17_x86_64.manylinux2014_x86_64.whl", hash = "sha256:a711b51aec4370d0dcda5b6c09463206f133a5759341d7744b953a7b62e1100e"},
    {file = "watchfiles-1.2.0-cp311-cp311-manylinux_2_31_riscv64.whl", hash = "sha256:e2ca07fa7d89195ec0865d3d285666286740bfa83d83e5cee204043a31ecc165"},
    {file = "watchfiles-1.2.0-cp311-cp311-musllinux_1_1_aarch64.whl", hash = "sha256:e0618518f282c4ebff60f5e5b1247b6d91bb8b9f4476947563a1e74acc66f3c6"},
    {file = "watchfiles-1.2.0-cp311-cp311-musllinux_1_1_x86_64.whl", hash = "sha256:0d191c054d0715c3c95c99df9b8dbf6fd096d8c1e021e8f212e1bd8bc444ccb5"},
    {file = "watchfiles-1.2.0-cp311-cp311-win32.whl", hash = "sha256:9342472aff9b093c5acd4f6d8f70ae0937964ab56542502bcf5579782da69ae8"},
    {file = "watchfiles-1.2.0-cp311-cp311-win_amd64.whl", hash = "sha256:dbd6c97045dad81227c8d040173da044c1de08de64a5ea8b555da4aee1d5fa22"},
    {file = "watchfiles-1.2.0-cp311-cp311-win_arm64.whl", hash = "sha256:57a2d9fa4fb4c2ecae57b13dfff2c7ab53e21a2ba674fe9f05506680fcdcc0d7"},
    {file = "watchfiles-1.2.0-cp312-cp312-macosx_10_12_x86_64.whl", hash = "sha256:bc13eb17538be00c874699dc0abe4ee2bc8d50bb1166a6b9e175ef3fd7eb8f26"},
    {file = "watchfiles-1.2.0-cp312-cp312-macosx_11_0_arm64.whl", hash = "sha256:2d95ddc1eb6914154253d239089900813f6a767e174b8e6a50e7fdacb7e4236c"},
    {file = "watchfiles-1.2.0-cp312-cp312-manylinux_2_17_aarch64.manylinux2014_aarch64.whl", hash = "sha256:8f70d8b291ef6e88d19b1f297a6905ddb978888d9272b0d05e6f53309856bcfc"},
    {file = "watchfiles-1.2.0-cp312-cp312-manylinux_2_17_armv7l.manylinux2014_armv7l.whl", hash = "sha256:56d8641cf834c2836922899105bd3ce3d0dfc69291d52edf0b4d0436829b34c0"},
    {file = "watchfiles-1.2.0-cp312-cp312-manylinux_2_17_i686.manylinux2014_i686.whl", hash = "sha256:2581a94056e55d7d0a31a823ea92bf73749c489ca2285bfdc0fbe6b2bb49d50c"},
    {file = "watchfiles-1.2.0-cp312-cp312-manylinux_2_17_ppc64le.manylinux2014_ppc64le.whl", hash = "sha256:41bc1199f7523b3f82843c88cbb979180c949caef0342cf90968f178e5d49b01"},
    {file = "watchfiles-1.2.0-cp312-cp312-manylinux_2_17_s390x.manylinux2014_s390x.whl", hash = "sha256:7571e4464cb6e434958f867f7f730b8ab0b75e3f8e5eac0499168486ab3c33a8"},
    {file = "watchfiles-1.2.0-cp312-cp312-manylinux_2_17_x86_64.manylinux2014_x86_64.whl", hash = "sha256:e53a384f76b631c3ae5334ce6a52f0baa3a911eb94a4eac7f160079868b716d5"},
    {file = "watchfiles-1.2.0-cp312-cp312-manylinux_2_31_riscv64.whl", hash = "sha256:d20029a60a71a052a24c4db7673bc4de39ab89adbaccbfb5d67987c5d73f424d"},
    {file = "watchfiles-1.2.0-cp312-cp312-musllinux_1_1_aarch64.whl", hash = "sha256:2cb93af48550faf1cea04c303107c8b75833de7013e57ce27d3b8d21d8d0f58c"},
    {file = "watchfiles-1.2.0-cp312-cp312-musllinux_1_1_x86_64.whl", hash = "sha256:2995c176de7692b86a2e4c58d9ec718f753150a979cb4a754e2b4ffa38e70906"},
    {file = "watchfiles-1.2.0-cp312-cp312-win32.whl", hash = "sha256:7a2cffd17d27d2ecbb310c2b1d8174f222a5495b1a721894afa88ec11e25b898"},
    {file = "watchfiles-1.2.0-cp312-cp312-win_amd64.whl", hash = "sha256:f155b3a1b2a5fc89cdc70d47ee5d54e3b75e88efa34982028a35daef9ba00379"},
    {file = "watchfiles-1.2.0-cp312-cp312-win_arm64.whl", hash = "sha256:8fa585ede612ee9f9e91b18bebf9ba11b9ae29a4e3a0d0cf6fca3e382133f0d5"},
    {file = "watchfiles-1.2.0-pp311-pypy311_pp73-macosx_10_12_x86_64.whl", hash = "sha256:4674d49eb94706dfe666c069fc0a1b646ffcf920473492e209f6d5f60d3f0cc2"},
    {file = "watchfiles-1.2.0-pp311-pypy311_pp73-macosx_11_0_arm64.whl", hash = "sha256:094b9b70103d4e963499bdea001ee3c2697b144cd9ae6218a62c0f89ec9e31db"},
    {file = "watchfiles-1.2.0-pp311-pypy311_pp73-manylinux_2_17_aarch64.manylinux2014_aarch64.whl", hash = "sha256:b0ef001f8c25ad0fa9529f914c1600647ecd0f542d11c19b7894768c67b6acb7"},
    {file = "watchfiles-1.2.0-pp311-pypy311_pp73-manylinux_2_17_x86_64.manylinux2014_x86_64.whl", hash = "sha256:a88fc94e647bc4eec523f1caa540258eb71d14278b9daf72fa1e2658a98df0f0"},
    {file = "watchfiles-1.2.0.tar.gz", hash = "sha256:c995fba777f1ea992f090f9236e9284cf7a5d1a0130dd5a3d82c598cacd76838"},
]

[[package]]
name = "websockets"
version = "16.0"
summary = ""
files = [
    {file = "websockets-16.0-cp310-cp310-macosx_10_9_universal2.whl", hash = "sha256:04cdd5d2d1dacbad0a7bf36ccbcd3ccd5a30ee188f2560b7a62a30d14107b31a"},
    {file = "websockets-16.0-cp310-cp310-macosx_10_9_x86_64.whl", hash = "sha256:8ff32bb86522a9e5e31439a58addbb0166f0204d64066fb955265c4e214160f0"},
    {file = "websockets-16.0-cp310-cp310-macosx_11_0_arm64.whl", hash = "sha256:583b7c42688636f930688d712885cf1531326ee05effd982028212ccc13e5957"},
    {file = "websockets-16.0-cp310-cp310-manylinux1_x86_64.manylinux_2_28_x86_64.manylinux_2_5_x86_64.whl", hash = "sha256:7d837379b647c0c4c2355c2499723f82f1635fd2c26510e1f587d89bc2199e72"},
    {file = "websockets-16.0-cp310-cp310-manylinux2014_aarch64.manylinux_2_17_aarch64.manylinux_2_28_aarch64.whl", hash = "sha256:df57afc692e517a85e65b72e165356ed1df12386ecb879ad5693be08fac65dde"},
    {file = "websockets-16.0-cp310-cp310-musllinux_1_2_aarch64.whl", hash = "sha256:2b9f1e0d69bc60a4a87349d50c09a037a2607918746f07de04df9e43252c77a3"},
    {file = "websockets-16.0-cp310-cp310-musllinux_1_2_x86_64.whl", hash = "sha256:335c23addf3d5e6a8633f9f8eda77efad001671e80b95c491dd0924587ece0b3"},
    {file = "websockets-16.0-cp310-cp310-win32.whl", hash = "sha256:37b31c1623c6605e4c00d466c9d633f9b812ea430c11c8a278774a1fde1acfa9"},
    {file = "websockets-16.0-cp310-cp310-win_amd64.whl", hash = "sha256:8e1dab317b6e77424356e11e99a432b7cb2f3ec8c5ab4dabbcee6add48f72b35"},
    {file = "websockets-16.0-cp311-cp311-macosx_10_9_universal2.whl", hash = "sha256:31a52addea25187bde0797a97d6fc3d2f92b6f72a9370792d65a6e84615ac8a8"},
    {file = "websockets-16.0-cp311-cp311-macosx_10_9_x86_64.whl", hash = "sha256:417b28978cdccab24f46400586d128366313e8a96312e4b9362a4af504f3bbad"},
    {file = "websockets-16.0-cp311-cp311-macosx_11_0_arm64.whl", hash = "sha256:af80d74d4edfa3cb9ed973a0a5ba2b2a549371f8a741e0800cb07becdd20f23d"},
    {file = "websockets-16.0-cp311-cp311-manylinux1_x86_64.manylinux_2_28_x86_64.manylinux_2_5_x86_64.whl", hash = "sha256:08d7af67b64d29823fed316505a89b86705f2b7981c07848fb5e3ea3020c1abe"},
    {file = "websockets-16.0-cp311-cp311-manylinux2014_aarch64.manylinux_2_17_aarch64.manylinux_2_28_aarch64.whl", hash = "sha256:7be95cfb0a4dae143eaed2bcba8ac23f4892d8971311f1b06f3c6b78952ee70b"},
    {file = "websockets-16.0-cp311-cp311-musllinux_1_2_aarch64.whl", hash = "sha256:d6297ce39ce5c2e6feb13c1a996a2ded3b6832155fcfc920265c76f24c7cceb5"},
    {file = "websockets-16.0-cp311-cp311-musllinux_1_2_x86_64.whl", hash = "sha256:1c1b30e4f497b0b354057f3467f56244c603a79c0d1dafce1d16c283c25f6e64"},
    {file = "websockets-16.0-cp311-cp311-win32.whl", hash = "sha256:5f451484aeb5cafee1ccf789b1b66f535409d038c56966d6101740c1614b86c6"},
    {file = "websockets-16.0-cp311-cp311-win_amd64.whl", hash = "sha256:8d7f0659570eefb578dacde98e24fb60af35350193e4f56e11190787bee77dac"},
    {file = "websockets-16.0-cp312-cp312-macosx_10_13_universal2.whl", hash = "sha256:71c989cbf3254fbd5e84d3bff31e4da39c43f884e64f2551d14bb3c186230f00"},
    {file = "websockets-16.0-cp312-cp312-macosx_10_13_x86_64.whl", hash = "sha256:8b6e209ffee39ff1b6d0fa7bfef6de950c60dfb91b8fcead17da4ee539121a79"},
    {file = "websockets-16.0-cp312-cp312-macosx_11_0_arm64.whl", hash = "sha256:86890e837d61574c92a97496d590968b23c2ef0aeb8a9bc9421d174cd378ae39"},
    {file = "websockets-16.0-cp312-cp312-manylinux1_x86_64.manylinux_2_28_x86_64.manylinux_2_5_x86_64.whl", hash = "sha256:9b5aca38b67492ef518a8ab76851862488a478602229112c4b0d58d63a7a4d5c"},
    {file = "websockets-16.0-cp312-cp312-manylinux2014_aarch64.manylinux_2_17_aarch64.manylinux_2_28_aarch64.whl", hash = "sha256:e0334872c0a37b606418ac52f6ab9cfd17317ac26365f7f65e203e2d0d0d359f"},
    {file = "websockets-16.0-cp312-cp312-musllinux_1_2_aarch64.whl", hash = "sha256:a0b31e0b424cc6b5a04b8838bbaec1688834b2383256688cf47eb97412531da1"},
    {file = "websockets-16.0-cp312-cp312-musllinux_1_2_x86_64.whl", hash = "sha256:485c49116d0af10ac698623c513c1cc01c9446c058a4e61e3bf6c19dff7335a2"},
    {file = "websockets-16.0-cp312-cp312-win32.whl", hash = "sha256:eaded469f5e5b7294e2bdca0ab06becb6756ea86894a47806456089298813c89"},
    {file = "websockets-16.0-cp312-cp312-win_amd64.whl", hash = "sha256:5569417dc80977fc8c2d43a86f78e0a5a22fee17565d78621b6bb264a115d4ea"},
    {file = "websockets-16.0-pp311-pypy311_pp73-macosx_10_15_x86_64.whl", hash = "sha256:349f83cd6c9a415428ee1005cadb5c2c56f4389bc06a9af16103c3bc3dcc8b7d"},
    {file = "websockets-16.0-pp311-pypy311_pp73-macosx_11_0_arm64.whl", hash = "sha256:4a1aba3340a8dca8db6eb5a7986157f52eb9e436b74813764241981ca4888f03"},
    {file = "websockets-16.0-pp311-pypy311_pp73-manylinux1_x86_64.manylinux_2_28_x86_64.manylinux_2_5_x86_64.whl", hash = "sha256:f4a32d1bd841d4bcbffdcb3d2ce50c09c3909fbead375ab28d0181af89fd04da"},
    {file = "websockets-16.0-pp311-pypy311_pp73-manylinux2014_aarch64.manylinux_2_17_aarch64.manylinux_2_28_aarch64.whl", hash = "sha256:0298d07ee155e2e9fda5be8a9042200dd2e3bb0b8a38482156576f863a9d457c"},
    {file = "websockets-16.0-pp311-pypy311_pp73-win_amd64.whl", hash = "sha256:a653aea902e0324b52f1613332ddf50b00c06fdaf7e92624fbf8c77c78fa5767"},
    {file = "websockets-16.0-py3-none-any.whl", hash = "sha256:1637db62fad1dc833276dded54215f2c7fa46912301a24bd94d45d46a011ceec"},
    {file = "websockets-16.0.tar.gz", hash = "sha256:5f6261a5e56e8d5c42a4497b364ea24d94d9563e8fbd44e78ac40879c60179b5"},
]
